
Microsoft Visual Studio Solution File, Format Version 12.00
# Visual Studio Version 17
VisualStudioVersion = 17.6.33927.249
MinimumVisualStudioVersion = 10.0.40219.1
Project("{FAE04EC0-301F-11D3-BF4B-00C04F79EFBC}") = "Recursividade", "Recursividade\Recursividade.csproj", "{8D4EB4E2-D864-4C28-A4CB-01D2374BD2EE}"
EndProject
Global
	GlobalSection(SolutionConfigurationPlatforms) = preSolution
		Debug|Any CPU = Debug|Any CPU
		Release|Any CPU = Release|Any CPU
	EndGlobalSection
	GlobalSection(ProjectConfigurationPlatforms) = postSolution
		{8D4EB4E2-D864-4C28-A4CB-01D2374BD2EE}.Debug|Any CPU.ActiveCfg = Debug|Any CPU
		{8D4EB4E2-D864-4C28-A4CB-01D2374BD2EE}.Debug|Any CPU.Build.0 = Debug|Any CPU
		{8D4EB4E2-D864-4C28-A4CB-01D2374BD2EE}.Release|Any CPU.ActiveCfg = Release|Any CPU
		{8D4EB4E2-D864-4C28-A4CB-01D2374BD2EE}.Release|Any CPU.Build.0 = Release|Any CPU
	EndGlobalSection
	GlobalSection(SolutionProperties) = preSolution
		HideSolutionNode = FALSE
	EndGlobalSection
	GlobalSection(ExtensibilityGlobals) = postSolution
		SolutionGuid = {961EB557-2F25-40AE-B652-169C6498D0EF}
	EndGlobalSection
EndGlobal
