
Microsoft Visual Studio Solution File, Format Version 12.00
# Visual Studio Version 17
VisualStudioVersion = 17.6.33927.249
MinimumVisualStudioVersion = 10.0.40219.1
Project("{FAE04EC0-301F-11D3-BF4B-00C04F79EFBC}") = "MediaGeralPOO", "MediaGeralPOO\MediaGeralPOO.csproj", "{3F61C6CD-A58D-4D29-B95F-F12868B47785}"
EndProject
Global
	GlobalSection(SolutionConfigurationPlatforms) = preSolution
		Debug|Any CPU = Debug|Any CPU
		Release|Any CPU = Release|Any CPU
	EndGlobalSection
	GlobalSection(ProjectConfigurationPlatforms) = postSolution
		{3F61C6CD-A58D-4D29-B95F-F12868B47785}.Debug|Any CPU.ActiveCfg = Debug|Any CPU
		{3F61C6CD-A58D-4D29-B95F-F12868B47785}.Debug|Any CPU.Build.0 = Debug|Any CPU
		{3F61C6CD-A58D-4D29-B95F-F12868B47785}.Release|Any CPU.ActiveCfg = Release|Any CPU
		{3F61C6CD-A58D-4D29-B95F-F12868B47785}.Release|Any CPU.Build.0 = Release|Any CPU
	EndGlobalSection
	GlobalSection(SolutionProperties) = preSolution
		HideSolutionNode = FALSE
	EndGlobalSection
	GlobalSection(ExtensibilityGlobals) = postSolution
		SolutionGuid = {F3BEF185-0BDC-4AAA-975A-E8AB90B819D7}
	EndGlobalSection
EndGlobal
